
Microsoft Visual Studio Solution File, Format Version 12.00
# Visual Studio Version 16
VisualStudioVersion = 16.0.31129.286
MinimumVisualStudioVersion = 10.0.40219.1
Project("{FAE04EC0-301F-11D3-BF4B-00C04F79EFBC}") = "1-froid", "1-froid\1-froid.csproj", "{A600E896-02F2-4349-AD65-D9F4990C7024}"
EndProject
Project("{FAE04EC0-301F-11D3-BF4B-00C04F79EFBC}") = "2-chaud", "2-chaud\2-chaud.csproj", "{671EF8D7-98F3-4D8B-A34A-DDA1A2D20C22}"
EndProject
Global
	GlobalSection(SolutionConfigurationPlatforms) = preSolution
		Debug|Any CPU = Debug|Any CPU
		Release|Any CPU = Release|Any CPU
	EndGlobalSection
	GlobalSection(ProjectConfigurationPlatforms) = postSolution
		{A600E896-02F2-4349-AD65-D9F4990C7024}.Debug|Any CPU.ActiveCfg = Debug|Any CPU
		{A600E896-02F2-4349-AD65-D9F4990C7024}.Debug|Any CPU.Build.0 = Debug|Any CPU
		{A600E896-02F2-4349-AD65-D9F4990C7024}.Release|Any CPU.ActiveCfg = Release|Any CPU
		{A600E896-02F2-4349-AD65-D9F4990C7024}.Release|Any CPU.Build.0 = Release|Any CPU
		{671EF8D7-98F3-4D8B-A34A-DDA1A2D20C22}.Debug|Any CPU.ActiveCfg = Debug|Any CPU
		{671EF8D7-98F3-4D8B-A34A-DDA1A2D20C22}.Debug|Any CPU.Build.0 = Debug|Any CPU
		{671EF8D7-98F3-4D8B-A34A-DDA1A2D20C22}.Release|Any CPU.ActiveCfg = Release|Any CPU
		{671EF8D7-98F3-4D8B-A34A-DDA1A2D20C22}.Release|Any CPU.Build.0 = Release|Any CPU
	EndGlobalSection
	GlobalSection(SolutionProperties) = preSolution
		HideSolutionNode = FALSE
	EndGlobalSection
	GlobalSection(ExtensibilityGlobals) = postSolution
		SolutionGuid = {51052D48-55C8-4BDD-90BF-C1AD52F273EF}
	EndGlobalSection
EndGlobal
